{
  "name": "qa",
  "version": "0.0.1",
  "lockfileVersion": 2,
  "requires": true,
  "packages": {
    "": {
      "name": "qa",
      "version": "0.0.1",
      "license": "MIT",
      "dependencies": {
        "vue": "2.5.17"
      }
    },
    "node_modules/vue": {
      "version": "2.5.17",
      "resolved": "https://registry.npmmirror.com/vue/-/vue-2.5.17.tgz",
      "integrity": "sha512-mFbcWoDIJi0w0Za4emyLiW72Jae0yjANHbCVquMKijcavBGypqlF7zHRgMa5k4sesdv7hv2rB4JPdZfR+TPfhQ=="
    }
  },
  "dependencies": {
    "vue": {
      "version": "2.5.17",
      "resolved": "https://registry.npmmirror.com/vue/-/vue-2.5.17.tgz",
      "integrity": "sha512-mFbcWoDIJi0w0Za4emyLiW72Jae0yjANHbCVquMKijcavBGypqlF7zHRgMa5k4sesdv7hv2rB4JPdZfR+TPfhQ=="
    }
  }
}
